
Microsoft Visual Studio Solution File, Format Version 12.00
# Visual Studio 14
VisualStudioVersion = 14.0.25123.0
MinimumVisualStudioVersion = 10.0.40219.1
Project("{FAE04EC0-301F-11D3-BF4B-00C04F79EFBC}") = "ScannerReader", "ScannerReader\ScannerReader.csproj", "{A8515303-0681-4219-B26F-35602984B1FA}"
EndProject
Project("{FAE04EC0-301F-11D3-BF4B-00C04F79EFBC}") = "AdminPanel", "AdminPanel\AdminPanel.csproj", "{CBB36BC7-855F-435F-B2FD-BB0ED67CA7DD}"
EndProject
Project("{2150E333-8FDC-42A3-9474-1A3956D46DE8}") = "Shared", "Shared", "{50FCED8E-BCEB-4684-AE20-0147CAF332CB}"
EndProject
Project("{FAE04EC0-301F-11D3-BF4B-00C04F79EFBC}") = "RepositoryServices", "RepositoryServices\RepositoryServices.csproj", "{51B3F4BF-FDCA-4F5F-A6D5-6124CEE785AE}"
EndProject
Global
	GlobalSection(SolutionConfigurationPlatforms) = preSolution
		Debug|Any CPU = Debug|Any CPU
		Release|Any CPU = Release|Any CPU
	EndGlobalSection
	GlobalSection(ProjectConfigurationPlatforms) = postSolution
		{A8515303-0681-4219-B26F-35602984B1FA}.Debug|Any CPU.ActiveCfg = Debug|Any CPU
		{A8515303-0681-4219-B26F-35602984B1FA}.Debug|Any CPU.Build.0 = Debug|Any CPU
		{A8515303-0681-4219-B26F-35602984B1FA}.Release|Any CPU.ActiveCfg = Release|Any CPU
		{A8515303-0681-4219-B26F-35602984B1FA}.Release|Any CPU.Build.0 = Release|Any CPU
		{CBB36BC7-855F-435F-B2FD-BB0ED67CA7DD}.Debug|Any CPU.ActiveCfg = Debug|Any CPU
		{CBB36BC7-855F-435F-B2FD-BB0ED67CA7DD}.Debug|Any CPU.Build.0 = Debug|Any CPU
		{CBB36BC7-855F-435F-B2FD-BB0ED67CA7DD}.Release|Any CPU.ActiveCfg = Release|Any CPU
		{CBB36BC7-855F-435F-B2FD-BB0ED67CA7DD}.Release|Any CPU.Build.0 = Release|Any CPU
		{51B3F4BF-FDCA-4F5F-A6D5-6124CEE785AE}.Debug|Any CPU.ActiveCfg = Debug|Any CPU
		{51B3F4BF-FDCA-4F5F-A6D5-6124CEE785AE}.Debug|Any CPU.Build.0 = Debug|Any CPU
		{51B3F4BF-FDCA-4F5F-A6D5-6124CEE785AE}.Release|Any CPU.ActiveCfg = Release|Any CPU
		{51B3F4BF-FDCA-4F5F-A6D5-6124CEE785AE}.Release|Any CPU.Build.0 = Release|Any CPU
	EndGlobalSection
	GlobalSection(SolutionProperties) = preSolution
		HideSolutionNode = FALSE
	EndGlobalSection
	GlobalSection(NestedProjects) = preSolution
		{51B3F4BF-FDCA-4F5F-A6D5-6124CEE785AE} = {50FCED8E-BCEB-4684-AE20-0147CAF332CB}
	EndGlobalSection
EndGlobal
